github.com/retronet-labs/retronet-8080 v0.1.1 h1:qgJswUmitk19GqCl8DT98VDGfhPwzxN4ToO6VNXhqBM=
github.com/retronet-labs/retronet-8080 v0.1.1/go.mod h1:nwaUxulldHKgUunfag6JQJO41JXCIKyfqn1J8RNAeXY=
github.com/retronet-labs/retronet-hardware v0.5.2 h1:FpVADhFBjB35JkjovthoH3tdwQ4IG/E9F/nuAfXvjMg=
github.com/retronet-labs/retronet-hardware v0.5.2/go.mod h1:klg76vkbOGJTs0JUwvozlangmKEjCTvFgnfyXHlPh8M=
github.com/retronet-labs/retronet-logic v0.4.0 h1:Ab3WeUBDf+8H4z8JXRqT7m2QdypdDHv/QiCIObApQWA=
github.com/retronet-labs/retronet-logic v0.4.0/go.mod h1:Nx1pOm7mQR4Sv+k5xEXffBNkzAXB70t8RcmQIHM5UKU=
